PODS:
  - Alamofire (5.4.3)
  - GoogleMaps (5.0.0):
    - GoogleMaps/Maps (= 5.0.0)
  - GoogleMaps/Base (5.0.0)
  - GoogleMaps/Maps (5.0.0):
    - GoogleMaps/Base
  - PromiseKit (6.15.2):
    - PromiseKit/CorePromise (= 6.15.2)
    - PromiseKit/Foundation (= 6.15.2)
    - PromiseKit/UIKit (= 6.15.2)
  - PromiseKit/CorePromise (6.15.2)
  - PromiseKit/Foundation (6.15.2):
    - PromiseKit/CorePromise
  - PromiseKit/UIKit (6.15.2):
    - PromiseKit/CorePromise
  - Realm (10.7.6):
    - Realm/Headers (= 10.7.6)
  - Realm/Headers (10.7.6)
  - RealmSwift (10.7.6):
    - Realm (= 10.7.6)
  - ReSwift (6.1.0)
  - ReSwiftThunk (2.0.1):
    - ReSwift (~> 6.0)
    - ReSwiftThunk/Core (= 2.0.1)
  - ReSwiftThunk/Core (2.0.1):
    - ReSwift (~> 6.0)
  - SnapKit (5.0.1)
  - SwiftyJSON (5.0.1)

DEPENDENCIES:
  - Alamofire
  - GoogleMaps
  - PromiseKit
  - RealmSwift
  - ReSwift
  - ReSwiftThunk
  - SnapKit
  - SwiftyJSON

SPEC REPOS:
  trunk:
    - Alamofire
    - GoogleMaps
    - PromiseKit
    - Realm
    - RealmSwift
    - ReSwift
    - ReSwiftThunk
    - SnapKit
    - SwiftyJSON

SPEC CHECKSUMS:
  Alamofire: e447a2774a40c996748296fa2c55112fdbbc42f9
  GoogleMaps: 600e5e69bdf7f4ed7cac4d6aa96c7ec08a5aa254
  PromiseKit: b11e20e02977f69571038a631a467e010eb43206
  Realm: ed860452717c8db8f4bf832b6807f7f2ce708839
  RealmSwift: e31c4ddbcc42ac879313d656b86f9ca539f6f4f4
  ReSwift: eab3c01e4279ba81b54a61e4fd6499634d20123a
  ReSwiftThunk: 7ca5145764be6f30b62db88a52d170133954629e
  SnapKit: 97b92857e3df3a0c71833cce143274bf6ef8e5eb
  SwiftyJSON: 2f33a42c6fbc52764d96f13368585094bfd8aa5e

PODFILE CHECKSUM: 233560f67a94abfe5cc666d0c9c56adc4e91371d

COCOAPODS: 1.10.1
